
Microsoft Visual Studio Solution File, Format Version 12.00
# Visual Studio Version 17
VisualStudioVersion = 17.2.32519.379
MinimumVisualStudioVersion = 10.0.40219.1
Project("{FAE04EC0-301F-11D3-BF4B-00C04F79EFBC}") = "AVONALLEPROVA", "AVONALLEPROVA\AVONALLEPROVA.csproj", "{0E797FB3-6E09-441D-BB49-7C1502BDD020}"
EndProject
Global
	GlobalSection(SolutionConfigurationPlatforms) = preSolution
		Debug|Any CPU = Debug|Any CPU
		Release|Any CPU = Release|Any CPU
	EndGlobalSection
	GlobalSection(ProjectConfigurationPlatforms) = postSolution
		{0E797FB3-6E09-441D-BB49-7C1502BDD020}.Debug|Any CPU.ActiveCfg = Debug|Any CPU
		{0E797FB3-6E09-441D-BB49-7C1502BDD020}.Debug|Any CPU.Build.0 = Debug|Any CPU
		{0E797FB3-6E09-441D-BB49-7C1502BDD020}.Release|Any CPU.ActiveCfg = Release|Any CPU
		{0E797FB3-6E09-441D-BB49-7C1502BDD020}.Release|Any CPU.Build.0 = Release|Any CPU
	EndGlobalSection
	GlobalSection(SolutionProperties) = preSolution
		HideSolutionNode = FALSE
	EndGlobalSection
	GlobalSection(ExtensibilityGlobals) = postSolution
		SolutionGuid = {C1984B9E-C343-4051-A44A-2DCAC224D554}
	EndGlobalSection
EndGlobal
